
Microsoft Visual Studio Solution File, Format Version 12.00
# Visual Studio 15
VisualStudioVersion = 15.0.26730.16
MinimumVisualStudioVersion = 10.0.40219.1
Project("{FAE04EC0-301F-11D3-BF4B-00C04F79EFBC}") = "HaveIBeenPwndSafePwdChecker", "HaveIBeenPwndSafePwdChecker\HaveIBeenPwndSafePwdChecker.csproj", "{E2B0803A-2A00-4B09-B0FE-D7F0C76D8D24}"
EndProject
Global
	GlobalSection(SolutionConfigurationPlatforms) = preSolution
		Debug|Any CPU = Debug|Any CPU
		Release|Any CPU = Release|Any CPU
	EndGlobalSection
	GlobalSection(ProjectConfigurationPlatforms) = postSolution
		{E2B0803A-2A00-4B09-B0FE-D7F0C76D8D24}.Debug|Any CPU.ActiveCfg = Debug|Any CPU
		{E2B0803A-2A00-4B09-B0FE-D7F0C76D8D24}.Debug|Any CPU.Build.0 = Debug|Any CPU
		{E2B0803A-2A00-4B09-B0FE-D7F0C76D8D24}.Release|Any CPU.ActiveCfg = Release|Any CPU
		{E2B0803A-2A00-4B09-B0FE-D7F0C76D8D24}.Release|Any CPU.Build.0 = Release|Any CPU
	EndGlobalSection
	GlobalSection(SolutionProperties) = preSolution
		HideSolutionNode = FALSE
	EndGlobalSection
	GlobalSection(ExtensibilityGlobals) = postSolution
		SolutionGuid = {79CC3154-66E4-45C5-A887-A81E4231F0E1}
	EndGlobalSection
EndGlobal
